
Microsoft Visual Studio Solution File, Format Version 12.00
# Visual Studio 14
VisualStudioVersion = 14.0.25420.1
MinimumVisualStudioVersion = 10.0.40219.1
Project("{FAE04EC0-301F-11D3-BF4B-00C04F79EFBC}") = "FormsDemo", "FormsDemo\FormsDemo.csproj", "{42B1E7B7-CD32-4034-9896-6FE0310D4570}"
EndProject
Project("{FAE04EC0-301F-11D3-BF4B-00C04F79EFBC}") = "FormsDemo.Droid", "FormsDemo.Droid\FormsDemo.Droid.csproj", "{BF66A079-4DEE-42C6-A2B9-19B7F6630DAA}"
EndProject
Project("{FAE04EC0-301F-11D3-BF4B-00C04F79EFBC}") = "FormsDemo.iOS", "FormsDemo.iOS\FormsDemo.iOS.csproj", "{D629D48C-566E-4FD5-B35C-4D1FFC04196F}"
EndProject
Project("{FAE04EC0-301F-11D3-BF4B-00C04F79EFBC}") = "FormsDemo.UWP", "FormsDemo.UWP\FormsDemo.UWP.csproj", "{D3BD06D9-033B-4C46-8973-DBAABA458F9A}"
EndProject
Global
	GlobalSection(SolutionConfigurationPlatforms) = preSolution
		Ad-Hoc|Any CPU = Ad-Hoc|Any CPU
		Ad-Hoc|ARM = Ad-Hoc|ARM
		Ad-Hoc|iPhone = Ad-Hoc|iPhone
		Ad-Hoc|iPhoneSimulator = Ad-Hoc|iPhoneSimulator
		Ad-Hoc|x64 = Ad-Hoc|x64
		Ad-Hoc|x86 = Ad-Hoc|x86
		AppStore|Any CPU = AppStore|Any CPU
		AppStore|ARM = AppStore|ARM
		AppStore|iPhone = AppStore|iPhone
		AppStore|iPhoneSimulator = AppStore|iPhoneSimulator
		AppStore|x64 = AppStore|x64
		AppStore|x86 = AppStore|x86
		Debug|Any CPU = Debug|Any CPU
		Debug|ARM = Debug|ARM
		Debug|iPhone = Debug|iPhone
		Debug|iPhoneSimulator = Debug|iPhoneSimulator
		Debug|x64 = Debug|x64
		Debug|x86 = Debug|x86
		Release|Any CPU = Release|Any CPU
		Release|ARM = Release|ARM
		Release|iPhone = Release|iPhone
		Release|iPhoneSimulator = Release|iPhoneSimulator
		Release|x64 = Release|x64
		Release|x86 = Release|x86
	EndGlobalSection
	GlobalSection(ProjectConfigurationPlatforms) = postSolution
		{42B1E7B7-CD32-4034-9896-6FE0310D4570}.Ad-Hoc|Any CPU.ActiveCfg = Release|Any CPU
		{42B1E7B7-CD32-4034-9896-6FE0310D4570}.Ad-Hoc|Any CPU.Build.0 = Release|Any CPU
		{42B1E7B7-CD32-4034-9896-6FE0310D4570}.Ad-Hoc|ARM.ActiveCfg = Debug|Any CPU
		{42B1E7B7-CD32-4034-9896-6FE0310D4570}.Ad-Hoc|ARM.Build.0 = Debug|Any CPU
		{42B1E7B7-CD32-4034-9896-6FE0310D4570}.Ad-Hoc|iPhone.ActiveCfg = Release|Any CPU
		{42B1E7B7-CD32-4034-9896-6FE0310D4570}.Ad-Hoc|iPhone.Build.0 = Release|Any CPU
		{42B1E7B7-CD32-4034-9896-6FE0310D4570}.Ad-Hoc|iPhoneSimulator.ActiveCfg = Release|Any CPU
		{42B1E7B7-CD32-4034-9896-6FE0310D4570}.Ad-Hoc|iPhoneSimulator.Build.0 = Release|Any CPU
		{42B1E7B7-CD32-4034-9896-6FE0310D4570}.Ad-Hoc|x64.ActiveCfg = Debug|Any CPU
		{42B1E7B7-CD32-4034-9896-6FE0310D4570}.Ad-Hoc|x64.Build.0 = Debug|Any CPU
		{42B1E7B7-CD32-4034-9896-6FE0310D4570}.Ad-Hoc|x86.ActiveCfg = Debug|Any CPU
		{42B1E7B7-CD32-4034-9896-6FE0310D4570}.Ad-Hoc|x86.Build.0 = Debug|Any CPU
		{42B1E7B7-CD32-4034-9896-6FE0310D4570}.AppStore|Any CPU.ActiveCfg = Release|Any CPU
		{42B1E7B7-CD32-4034-9896-6FE0310D4570}.AppStore|Any CPU.Build.0 = Release|Any CPU
		{42B1E7B7-CD32-4034-9896-6FE0310D4570}.AppStore|ARM.ActiveCfg = Debug|Any CPU
		{42B1E7B7-CD32-4034-9896-6FE0310D4570}.AppStore|ARM.Build.0 = Debug|Any CPU
		{42B1E7B7-CD32-4034-9896-6FE0310D4570}.AppStore|iPhone.ActiveCfg = Release|Any CPU
		{42B1E7B7-CD32-4034-9896-6FE0310D4570}.AppStore|iPhone.Build.0 = Release|Any CPU
		{42B1E7B7-CD32-4034-9896-6FE0310D4570}.AppStore|iPhoneSimulator.ActiveCfg = Release|Any CPU
		{42B1E7B7-CD32-4034-9896-6FE0310D4570}.AppStore|iPhoneSimulator.Build.0 = Release|Any CPU
		{42B1E7B7-CD32-4034-9896-6FE0310D4570}.AppStore|x64.ActiveCfg = Debug|Any CPU
		{42B1E7B7-CD32-4034-9896-6FE0310D4570}.AppStore|x64.Build.0 = Debug|Any CPU
		{42B1E7B7-CD32-4034-9896-6FE0310D4570}.AppStore|x86.ActiveCfg = Debug|Any CPU
		{42B1E7B7-CD32-4034-9896-6FE0310D4570}.AppStore|x86.Build.0 = Debug|Any CPU
		{42B1E7B7-CD32-4034-9896-6FE0310D4570}.Debug|Any CPU.ActiveCfg = Debug|Any CPU
		{42B1E7B7-CD32-4034-9896-6FE0310D4570}.Debug|Any CPU.Build.0 = Debug|Any CPU
		{42B1E7B7-CD32-4034-9896-6FE0310D4570}.Debug|ARM.ActiveCfg = Debug|Any CPU
		{42B1E7B7-CD32-4034-9896-6FE0310D4570}.Debug|ARM.Build.0 = Debug|Any CPU
		{42B1E7B7-CD32-4034-9896-6FE0310D4570}.Debug|iPhone.ActiveCfg = Debug|Any CPU
		{42B1E7B7-CD32-4034-9896-6FE0310D4570}.Debug|iPhone.Build.0 = Debug|Any CPU
		{42B1E7B7-CD32-4034-9896-6FE0310D4570}.Debug|iPhoneSimulator.ActiveCfg = Debug|Any CPU
		{42B1E7B7-CD32-4034-9896-6FE0310D4570}.Debug|iPhoneSimulator.Build.0 = Debug|Any CPU
		{42B1E7B7-CD32-4034-9896-6FE0310D4570}.Debug|x64.ActiveCfg = Debug|Any CPU
		{42B1E7B7-CD32-4034-9896-6FE0310D4570}.Debug|x64.Build.0 = Debug|Any CPU
		{42B1E7B7-CD32-4034-9896-6FE0310D4570}.Debug|x86.ActiveCfg = Debug|Any CPU
		{42B1E7B7-CD32-4034-9896-6FE0310D4570}.Debug|x86.Build.0 = Debug|Any CPU
		{42B1E7B7-CD32-4034-9896-6FE0310D4570}.Release|Any CPU.ActiveCfg = Release|Any CPU
		{42B1E7B7-CD32-4034-9896-6FE0310D4570}.Release|Any CPU.Build.0 = Release|Any CPU
		{42B1E7B7-CD32-4034-9896-6FE0310D4570}.Release|ARM.ActiveCfg = Release|Any CPU
		{42B1E7B7-CD32-4034-9896-6FE0310D4570}.Release|ARM.Build.0 = Release|Any CPU
		{42B1E7B7-CD32-4034-9896-6FE0310D4570}.Release|iPhone.ActiveCfg = Release|Any CPU
		{42B1E7B7-CD32-4034-9896-6FE0310D4570}.Release|iPhone.Build.0 = Release|Any CPU
		{42B1E7B7-CD32-4034-9896-6FE0310D4570}.Release|iPhoneSimulator.ActiveCfg = Release|Any CPU
		{42B1E7B7-CD32-4034-9896-6FE0310D4570}.Release|iPhoneSimulator.Build.0 = Release|Any CPU
		{42B1E7B7-CD32-4034-9896-6FE0310D4570}.Release|x64.ActiveCfg = Release|Any CPU
		{42B1E7B7-CD32-4034-9896-6FE0310D4570}.Release|x64.Build.0 = Release|Any CPU
		{42B1E7B7-CD32-4034-9896-6FE0310D4570}.Release|x86.ActiveCfg = Release|Any CPU
		{42B1E7B7-CD32-4034-9896-6FE0310D4570}.Release|x86.Build.0 = Release|Any CPU
		{BF66A079-4DEE-42C6-A2B9-19B7F6630DAA}.Ad-Hoc|Any CPU.ActiveCfg = Release|Any CPU
		{BF66A079-4DEE-42C6-A2B9-19B7F6630DAA}.Ad-Hoc|Any CPU.Build.0 = Release|Any CPU
		{BF66A079-4DEE-42C6-A2B9-19B7F6630DAA}.Ad-Hoc|Any CPU.Deploy.0 = Release|Any CPU
		{BF66A079-4DEE-42C6-A2B9-19B7F6630DAA}.Ad-Hoc|ARM.ActiveCfg = Debug|Any CPU
		{BF66A079-4DEE-42C6-A2B9-19B7F6630DAA}.Ad-Hoc|ARM.Build.0 = Debug|Any CPU
		{BF66A079-4DEE-42C6-A2B9-19B7F6630DAA}.Ad-Hoc|ARM.Deploy.0 = Debug|Any CPU
		{BF66A079-4DEE-42C6-A2B9-19B7F6630DAA}.Ad-Hoc|iPhone.ActiveCfg = Release|Any CPU
		{BF66A079-4DEE-42C6-A2B9-19B7F6630DAA}.Ad-Hoc|iPhone.Build.0 = Release|Any CPU
		{BF66A079-4DEE-42C6-A2B9-19B7F6630DAA}.Ad-Hoc|iPhone.Deploy.0 = Release|Any CPU
		{BF66A079-4DEE-42C6-A2B9-19B7F6630DAA}.Ad-Hoc|iPhoneSimulator.ActiveCfg = Release|Any CPU
		{BF66A079-4DEE-42C6-A2B9-19B7F6630DAA}.Ad-Hoc|iPhoneSimulator.Build.0 = Release|Any CPU
		{BF66A079-4DEE-42C6-A2B9-19B7F6630DAA}.Ad-Hoc|iPhoneSimulator.Deploy.0 = Release|Any CPU
		{BF66A079-4DEE-42C6-A2B9-19B7F6630DAA}.Ad-Hoc|x64.ActiveCfg = Debug|Any CPU
		{BF66A079-4DEE-42C6-A2B9-19B7F6630DAA}.Ad-Hoc|x64.Build.0 = Debug|Any CPU
		{BF66A079-4DEE-42C6-A2B9-19B7F6630DAA}.Ad-Hoc|x64.Deploy.0 = Debug|Any CPU
		{BF66A079-4DEE-42C6-A2B9-19B7F6630DAA}.Ad-Hoc|x86.ActiveCfg = Debug|Any CPU
		{BF66A079-4DEE-42C6-A2B9-19B7F6630DAA}.Ad-Hoc|x86.Build.0 = Debug|Any CPU
		{BF66A079-4DEE-42C6-A2B9-19B7F6630DAA}.Ad-Hoc|x86.Deploy.0 = Debug|Any CPU
		{BF66A079-4DEE-42C6-A2B9-19B7F6630DAA}.AppStore|Any CPU.ActiveCfg = Release|Any CPU
		{BF66A079-4DEE-42C6-A2B9-19B7F6630DAA}.AppStore|Any CPU.Build.0 = Release|Any CPU
		{BF66A079-4DEE-42C6-A2B9-19B7F6630DAA}.AppStore|Any CPU.Deploy.0 = Release|Any CPU
		{BF66A079-4DEE-42C6-A2B9-19B7F6630DAA}.AppStore|ARM.ActiveCfg = Debug|Any CPU
		{BF66A079-4DEE-42C6-A2B9-19B7F6630DAA}.AppStore|ARM.Build.0 = Debug|Any CPU
		{BF66A079-4DEE-42C6-A2B9-19B7F6630DAA}.AppStore|ARM.Deploy.0 = Debug|Any CPU
		{BF66A079-4DEE-42C6-A2B9-19B7F6630DAA}.AppStore|iPhone.ActiveCfg = Release|Any CPU
		{BF66A079-4DEE-42C6-A2B9-19B7F6630DAA}.AppStore|iPhone.Build.0 = Release|Any CPU
		{BF66A079-4DEE-42C6-A2B9-19B7F6630DAA}.AppStore|iPhone.Deploy.0 = Release|Any CPU
		{BF66A079-4DEE-42C6-A2B9-19B7F6630DAA}.AppStore|iPhoneSimulator.ActiveCfg = Release|Any CPU
		{BF66A079-4DEE-42C6-A2B9-19B7F6630DAA}.AppStore|iPhoneSimulator.Build.0 = Release|Any CPU
		{BF66A079-4DEE-42C6-A2B9-19B7F6630DAA}.AppStore|iPhoneSimulator.Deploy.0 = Release|Any CPU
		{BF66A079-4DEE-42C6-A2B9-19B7F6630DAA}.AppStore|x64.ActiveCfg = Debug|Any CPU
		{BF66A079-4DEE-42C6-A2B9-19B7F6630DAA}.AppStore|x64.Build.0 = Debug|Any CPU
		{BF66A079-4DEE-42C6-A2B9-19B7F6630DAA}.AppStore|x64.Deploy.0 = Debug|Any CPU
		{BF66A079-4DEE-42C6-A2B9-19B7F6630DAA}.AppStore|x86.ActiveCfg = Debug|Any CPU
		{BF66A079-4DEE-42C6-A2B9-19B7F6630DAA}.AppStore|x86.Build.0 = Debug|Any CPU
		{BF66A079-4DEE-42C6-A2B9-19B7F6630DAA}.AppStore|x86.Deploy.0 = Debug|Any CPU
		{BF66A079-4DEE-42C6-A2B9-19B7F6630DAA}.Debug|Any CPU.ActiveCfg = Debug|Any CPU
		{BF66A079-4DEE-42C6-A2B9-19B7F6630DAA}.Debug|Any CPU.Build.0 = Debug|Any CPU
		{BF66A079-4DEE-42C6-A2B9-19B7F6630DAA}.Debug|Any CPU.Deploy.0 = Debug|Any CPU
		{BF66A079-4DEE-42C6-A2B9-19B7F6630DAA}.Debug|ARM.ActiveCfg = Debug|Any CPU
		{BF66A079-4DEE-42C6-A2B9-19B7F6630DAA}.Debug|ARM.Build.0 = Debug|Any CPU
		{BF66A079-4DEE-42C6-A2B9-19B7F6630DAA}.Debug|ARM.Deploy.0 = Debug|Any CPU
		{BF66A079-4DEE-42C6-A2B9-19B7F6630DAA}.Debug|iPhone.ActiveCfg = Debug|Any CPU
		{BF66A079-4DEE-42C6-A2B9-19B7F6630DAA}.Debug|iPhone.Build.0 = Debug|Any CPU
		{BF66A079-4DEE-42C6-A2B9-19B7F6630DAA}.Debug|iPhone.Deploy.0 = Debug|Any CPU
		{BF66A079-4DEE-42C6-A2B9-19B7F6630DAA}.Debug|iPhoneSimulator.ActiveCfg = Debug|Any CPU
		{BF66A079-4DEE-42C6-A2B9-19B7F6630DAA}.Debug|iPhoneSimulator.Build.0 = Debug|Any CPU
		{BF66A079-4DEE-42C6-A2B9-19B7F6630DAA}.Debug|iPhoneSimulator.Deploy.0 = Debug|Any CPU
		{BF66A079-4DEE-42C6-A2B9-19B7F6630DAA}.Debug|x64.ActiveCfg = Debug|Any CPU
		{BF66A079-4DEE-42C6-A2B9-19B7F6630DAA}.Debug|x64.Build.0 = Debug|Any CPU
		{BF66A079-4DEE-42C6-A2B9-19B7F6630DAA}.Debug|x64.Deploy.0 = Debug|Any CPU
		{BF66A079-4DEE-42C6-A2B9-19B7F6630DAA}.Debug|x86.ActiveCfg = Debug|Any CPU
		{BF66A079-4DEE-42C6-A2B9-19B7F6630DAA}.Debug|x86.Build.0 = Debug|Any CPU
		{BF66A079-4DEE-42C6-A2B9-19B7F6630DAA}.Debug|x86.Deploy.0 = Debug|Any CPU
		{BF66A079-4DEE-42C6-A2B9-19B7F6630DAA}.Release|Any CPU.ActiveCfg = Release|Any CPU
		{BF66A079-4DEE-42C6-A2B9-19B7F6630DAA}.Release|Any CPU.Build.0 = Release|Any CPU
		{BF66A079-4DEE-42C6-A2B9-19B7F6630DAA}.Release|Any CPU.Deploy.0 = Release|Any CPU
		{BF66A079-4DEE-42C6-A2B9-19B7F6630DAA}.Release|ARM.ActiveCfg = Release|Any CPU
		{BF66A079-4DEE-42C6-A2B9-19B7F6630DAA}.Release|ARM.Build.0 = Release|Any CPU
		{BF66A079-4DEE-42C6-A2B9-19B7F6630DAA}.Release|ARM.Deploy.0 = Release|Any CPU
		{BF66A079-4DEE-42C6-A2B9-19B7F6630DAA}.Release|iPhone.ActiveCfg = Release|Any CPU
		{BF66A079-4DEE-42C6-A2B9-19B7F6630DAA}.Release|iPhone.Build.0 = Release|Any CPU
		{BF66A079-4DEE-42C6-A2B9-19B7F6630DAA}.Release|iPhone.Deploy.0 = Release|Any CPU
		{BF66A079-4DEE-42C6-A2B9-19B7F6630DAA}.Release|iPhoneSimulator.ActiveCfg = Release|Any CPU
		{BF66A079-4DEE-42C6-A2B9-19B7F6630DAA}.Release|iPhoneSimulator.Build.0 = Release|Any CPU
		{BF66A079-4DEE-42C6-A2B9-19B7F6630DAA}.Release|iPhoneSimulator.Deploy.0 = Release|Any CPU
		{BF66A079-4DEE-42C6-A2B9-19B7F6630DAA}.Release|x64.ActiveCfg = Release|Any CPU
		{BF66A079-4DEE-42C6-A2B9-19B7F6630DAA}.Release|x64.Build.0 = Release|Any CPU
		{BF66A079-4DEE-42C6-A2B9-19B7F6630DAA}.Release|x64.Deploy.0 = Release|Any CPU
		{BF66A079-4DEE-42C6-A2B9-19B7F6630DAA}.Release|x86.ActiveCfg = Release|Any CPU
		{BF66A079-4DEE-42C6-A2B9-19B7F6630DAA}.Release|x86.Build.0 = Release|Any CPU
		{BF66A079-4DEE-42C6-A2B9-19B7F6630DAA}.Release|x86.Deploy.0 = Release|Any CPU
		{D629D48C-566E-4FD5-B35C-4D1FFC04196F}.Ad-Hoc|Any CPU.ActiveCfg = Ad-Hoc|iPhone
		{D629D48C-566E-4FD5-B35C-4D1FFC04196F}.Ad-Hoc|ARM.ActiveCfg = Ad-Hoc|iPhoneSimulator
		{D629D48C-566E-4FD5-B35C-4D1FFC04196F}.Ad-Hoc|iPhone.ActiveCfg = Ad-Hoc|iPhone
		{D629D48C-566E-4FD5-B35C-4D1FFC04196F}.Ad-Hoc|iPhone.Build.0 = Ad-Hoc|iPhone
		{D629D48C-566E-4FD5-B35C-4D1FFC04196F}.Ad-Hoc|iPhoneSimulator.ActiveCfg = Ad-Hoc|iPhoneSimulator
		{D629D48C-566E-4FD5-B35C-4D1FFC04196F}.Ad-Hoc|iPhoneSimulator.Build.0 = Ad-Hoc|iPhoneSimulator
		{D629D48C-566E-4FD5-B35C-4D1FFC04196F}.Ad-Hoc|x64.ActiveCfg = Ad-Hoc|iPhoneSimulator
		{D629D48C-566E-4FD5-B35C-4D1FFC04196F}.Ad-Hoc|x86.ActiveCfg = Ad-Hoc|iPhoneSimulator
		{D629D48C-566E-4FD5-B35C-4D1FFC04196F}.AppStore|Any CPU.ActiveCfg = AppStore|iPhone
		{D629D48C-566E-4FD5-B35C-4D1FFC04196F}.AppStore|ARM.ActiveCfg = AppStore|iPhoneSimulator
		{D629D48C-566E-4FD5-B35C-4D1FFC04196F}.AppStore|iPhone.ActiveCfg = AppStore|iPhone
		{D629D48C-566E-4FD5-B35C-4D1FFC04196F}.AppStore|iPhone.Build.0 = AppStore|iPhone
		{D629D48C-566E-4FD5-B35C-4D1FFC04196F}.AppStore|iPhoneSimulator.ActiveCfg = AppStore|iPhoneSimulator
		{D629D48C-566E-4FD5-B35C-4D1FFC04196F}.AppStore|iPhoneSimulator.Build.0 = AppStore|iPhoneSimulator
		{D629D48C-566E-4FD5-B35C-4D1FFC04196F}.AppStore|x64.ActiveCfg = AppStore|iPhoneSimulator
		{D629D48C-566E-4FD5-B35C-4D1FFC04196F}.AppStore|x86.ActiveCfg = AppStore|iPhoneSimulator
		{D629D48C-566E-4FD5-B35C-4D1FFC04196F}.Debug|Any CPU.ActiveCfg = Debug|iPhone
		{D629D48C-566E-4FD5-B35C-4D1FFC04196F}.Debug|ARM.ActiveCfg = Debug|iPhoneSimulator
		{D629D48C-566E-4FD5-B35C-4D1FFC04196F}.Debug|iPhone.ActiveCfg = Debug|iPhone
		{D629D48C-566E-4FD5-B35C-4D1FFC04196F}.Debug|iPhone.Build.0 = Debug|iPhone
		{D629D48C-566E-4FD5-B35C-4D1FFC04196F}.Debug|iPhoneSimulator.ActiveCfg = Debug|iPhoneSimulator
		{D629D48C-566E-4FD5-B35C-4D1FFC04196F}.Debug|iPhoneSimulator.Build.0 = Debug|iPhoneSimulator
		{D629D48C-566E-4FD5-B35C-4D1FFC04196F}.Debug|x64.ActiveCfg = Debug|iPhoneSimulator
		{D629D48C-566E-4FD5-B35C-4D1FFC04196F}.Debug|x86.ActiveCfg = Debug|iPhoneSimulator
		{D629D48C-566E-4FD5-B35C-4D1FFC04196F}.Release|Any CPU.ActiveCfg = Release|iPhone
		{D629D48C-566E-4FD5-B35C-4D1FFC04196F}.Release|ARM.ActiveCfg = Release|iPhoneSimulator
		{D629D48C-566E-4FD5-B35C-4D1FFC04196F}.Release|iPhone.ActiveCfg = Release|iPhone
		{D629D48C-566E-4FD5-B35C-4D1FFC04196F}.Release|iPhone.Build.0 = Release|iPhone
		{D629D48C-566E-4FD5-B35C-4D1FFC04196F}.Release|iPhoneSimulator.ActiveCfg = Release|iPhoneSimulator
		{D629D48C-566E-4FD5-B35C-4D1FFC04196F}.Release|iPhoneSimulator.Build.0 = Release|iPhoneSimulator
		{D629D48C-566E-4FD5-B35C-4D1FFC04196F}.Release|x64.ActiveCfg = Release|iPhoneSimulator
		{D629D48C-566E-4FD5-B35C-4D1FFC04196F}.Release|x86.ActiveCfg = Release|iPhoneSimulator
		{D3BD06D9-033B-4C46-8973-DBAABA458F9A}.Ad-Hoc|Any CPU.ActiveCfg = Release|x86
		{D3BD06D9-033B-4C46-8973-DBAABA458F9A}.Ad-Hoc|Any CPU.Build.0 = Release|x86
		{D3BD06D9-033B-4C46-8973-DBAABA458F9A}.Ad-Hoc|Any CPU.Deploy.0 = Release|x86
		{D3BD06D9-033B-4C46-8973-DBAABA458F9A}.Ad-Hoc|ARM.ActiveCfg = Release|ARM
		{D3BD06D9-033B-4C46-8973-DBAABA458F9A}.Ad-Hoc|ARM.Build.0 = Release|ARM
		{D3BD06D9-033B-4C46-8973-DBAABA458F9A}.Ad-Hoc|ARM.Deploy.0 = Release|ARM
		{D3BD06D9-033B-4C46-8973-DBAABA458F9A}.Ad-Hoc|iPhone.ActiveCfg = Release|x86
		{D3BD06D9-033B-4C46-8973-DBAABA458F9A}.Ad-Hoc|iPhone.Build.0 = Release|x86
		{D3BD06D9-033B-4C46-8973-DBAABA458F9A}.Ad-Hoc|iPhone.Deploy.0 = Release|x86
		{D3BD06D9-033B-4C46-8973-DBAABA458F9A}.Ad-Hoc|iPhoneSimulator.ActiveCfg = Release|x86
		{D3BD06D9-033B-4C46-8973-DBAABA458F9A}.Ad-Hoc|iPhoneSimulator.Build.0 = Release|x86
		{D3BD06D9-033B-4C46-8973-DBAABA458F9A}.Ad-Hoc|iPhoneSimulator.Deploy.0 = Release|x86
		{D3BD06D9-033B-4C46-8973-DBAABA458F9A}.Ad-Hoc|x64.ActiveCfg = Release|x64
		{D3BD06D9-033B-4C46-8973-DBAABA458F9A}.Ad-Hoc|x64.Build.0 = Release|x64
		{D3BD06D9-033B-4C46-8973-DBAABA458F9A}.Ad-Hoc|x64.Deploy.0 = Release|x64
		{D3BD06D9-033B-4C46-8973-DBAABA458F9A}.Ad-Hoc|x86.ActiveCfg = Release|x86
		{D3BD06D9-033B-4C46-8973-DBAABA458F9A}.Ad-Hoc|x86.Build.0 = Release|x86
		{D3BD06D9-033B-4C46-8973-DBAABA458F9A}.Ad-Hoc|x86.Deploy.0 = Release|x86
		{D3BD06D9-033B-4C46-8973-DBAABA458F9A}.AppStore|Any CPU.ActiveCfg = Release|x86
		{D3BD06D9-033B-4C46-8973-DBAABA458F9A}.AppStore|Any CPU.Build.0 = Release|x86
		{D3BD06D9-033B-4C46-8973-DBAABA458F9A}.AppStore|Any CPU.Deploy.0 = Release|x86
		{D3BD06D9-033B-4C46-8973-DBAABA458F9A}.AppStore|ARM.ActiveCfg = Release|ARM
		{D3BD06D9-033B-4C46-8973-DBAABA458F9A}.AppStore|ARM.Build.0 = Release|ARM
		{D3BD06D9-033B-4C46-8973-DBAABA458F9A}.AppStore|ARM.Deploy.0 = Release|ARM
		{D3BD06D9-033B-4C46-8973-DBAABA458F9A}.AppStore|iPhone.ActiveCfg = Release|x86
		{D3BD06D9-033B-4C46-8973-DBAABA458F9A}.AppStore|iPhone.Build.0 = Release|x86
		{D3BD06D9-033B-4C46-8973-DBAABA458F9A}.AppStore|iPhone.Deploy.0 = Release|x86
		{D3BD06D9-033B-4C46-8973-DBAABA458F9A}.AppStore|iPhoneSimulator.ActiveCfg = Release|x86
		{D3BD06D9-033B-4C46-8973-DBAABA458F9A}.AppStore|iPhoneSimulator.Build.0 = Release|x86
		{D3BD06D9-033B-4C46-8973-DBAABA458F9A}.AppStore|iPhoneSimulator.Deploy.0 = Release|x86
		{D3BD06D9-033B-4C46-8973-DBAABA458F9A}.AppStore|x64.ActiveCfg = Release|x64
		{D3BD06D9-033B-4C46-8973-DBAABA458F9A}.AppStore|x64.Build.0 = Release|x64
		{D3BD06D9-033B-4C46-8973-DBAABA458F9A}.AppStore|x64.Deploy.0 = Release|x64
		{D3BD06D9-033B-4C46-8973-DBAABA458F9A}.AppStore|x86.ActiveCfg = Release|x86
		{D3BD06D9-033B-4C46-8973-DBAABA458F9A}.AppStore|x86.Build.0 = Release|x86
		{D3BD06D9-033B-4C46-8973-DBAABA458F9A}.AppStore|x86.Deploy.0 = Release|x86
		{D3BD06D9-033B-4C46-8973-DBAABA458F9A}.Debug|Any CPU.ActiveCfg = Debug|x64
		{D3BD06D9-033B-4C46-8973-DBAABA458F9A}.Debug|Any CPU.Build.0 = Debug|x64
		{D3BD06D9-033B-4C46-8973-DBAABA458F9A}.Debug|Any CPU.Deploy.0 = Debug|x64
		{D3BD06D9-033B-4C46-8973-DBAABA458F9A}.Debug|ARM.ActiveCfg = Debug|ARM
		{D3BD06D9-033B-4C46-8973-DBAABA458F9A}.Debug|ARM.Build.0 = Debug|ARM
		{D3BD06D9-033B-4C46-8973-DBAABA458F9A}.Debug|ARM.Deploy.0 = Debug|ARM
		{D3BD06D9-033B-4C46-8973-DBAABA458F9A}.Debug|iPhone.ActiveCfg = Debug|x86
		{D3BD06D9-033B-4C46-8973-DBAABA458F9A}.Debug|iPhoneSimulator.ActiveCfg = Debug|x86
		{D3BD06D9-033B-4C46-8973-DBAABA458F9A}.Debug|x64.ActiveCfg = Debug|x64
		{D3BD06D9-033B-4C46-8973-DBAABA458F9A}.Debug|x64.Build.0 = Debug|x64
		{D3BD06D9-033B-4C46-8973-DBAABA458F9A}.Debug|x64.Deploy.0 = Debug|x64
		{D3BD06D9-033B-4C46-8973-DBAABA458F9A}.Debug|x86.ActiveCfg = Debug|x86
		{D3BD06D9-033B-4C46-8973-DBAABA458F9A}.Debug|x86.Build.0 = Debug|x86
		{D3BD06D9-033B-4C46-8973-DBAABA458F9A}.Debug|x86.Deploy.0 = Debug|x86
		{D3BD06D9-033B-4C46-8973-DBAABA458F9A}.Release|Any CPU.ActiveCfg = Release|x86
		{D3BD06D9-033B-4C46-8973-DBAABA458F9A}.Release|ARM.ActiveCfg = Release|ARM
		{D3BD06D9-033B-4C46-8973-DBAABA458F9A}.Release|ARM.Build.0 = Release|ARM
		{D3BD06D9-033B-4C46-8973-DBAABA458F9A}.Release|ARM.Deploy.0 = Release|ARM
		{D3BD06D9-033B-4C46-8973-DBAABA458F9A}.Release|iPhone.ActiveCfg = Release|x86
		{D3BD06D9-033B-4C46-8973-DBAABA458F9A}.Release|iPhoneSimulator.ActiveCfg = Release|x86
		{D3BD06D9-033B-4C46-8973-DBAABA458F9A}.Release|x64.ActiveCfg = Release|x64
		{D3BD06D9-033B-4C46-8973-DBAABA458F9A}.Release|x64.Build.0 = Release|x64
		{D3BD06D9-033B-4C46-8973-DBAABA458F9A}.Release|x64.Deploy.0 = Release|x64
		{D3BD06D9-033B-4C46-8973-DBAABA458F9A}.Release|x86.ActiveCfg = Release|x86
		{D3BD06D9-033B-4C46-8973-DBAABA458F9A}.Release|x86.Build.0 = Release|x86
		{D3BD06D9-033B-4C46-8973-DBAABA458F9A}.Release|x86.Deploy.0 = Release|x86
	EndGlobalSection
	GlobalSection(SolutionProperties) = preSolution
		HideSolutionNode = FALSE
	EndGlobalSection
EndGlobal
